
Microsoft Visual Studio Solution File, Format Version 12.00
# Visual Studio Version 17
VisualStudioVersion = 17.9.34723.18
MinimumVisualStudioVersion = 10.0.40219.1
Project("{FAE04EC0-301F-11D3-BF4B-00C04F79EFBC}") = "exercicioV6", "exercicioV6\exercicioV6.csproj", "{12734711-6396-42A2-A4B8-D65D5F7A6078}"
EndProject
Global
	GlobalSection(SolutionConfigurationPlatforms) = preSolution
		Debug|Any CPU = Debug|Any CPU
		Release|Any CPU = Release|Any CPU
	EndGlobalSection
	GlobalSection(ProjectConfigurationPlatforms) = postSolution
		{12734711-6396-42A2-A4B8-D65D5F7A6078}.Debug|Any CPU.ActiveCfg = Debug|Any CPU
		{12734711-6396-42A2-A4B8-D65D5F7A6078}.Debug|Any CPU.Build.0 = Debug|Any CPU
		{12734711-6396-42A2-A4B8-D65D5F7A6078}.Release|Any CPU.ActiveCfg = Release|Any CPU
		{12734711-6396-42A2-A4B8-D65D5F7A6078}.Release|Any CPU.Build.0 = Release|Any CPU
	EndGlobalSection
	GlobalSection(SolutionProperties) = preSolution
		HideSolutionNode = FALSE
	EndGlobalSection
	GlobalSection(ExtensibilityGlobals) = postSolution
		SolutionGuid = {E90D1A60-C7D3-46C3-A86B-416EBD4CA3EF}
	EndGlobalSection
EndGlobal
